// !$*UTF8*$!
{
	archiveVersion = 1;
	classes = {
	};
	objectVersion = 56;
	objects = {

/* Begin PBXBuildFile section */
		521AA5C92B066C98008106CF /* AppDelegate.swift in Sources */ = {isa = PBXBuildFile; fileRef = 521AA5C82B066C98008106CF /* AppDelegate.swift */; };
		521AA5CB2B066C98008106CF /* SceneDelegate.swift in Sources */ = {isa = PBXBuildFile; fileRef = 521AA5CA2B066C98008106CF /* SceneDelegate.swift */; };
		521AA5CD2B066C98008106CF /* ViewController.swift in Sources */ = {isa = PBXBuildFile; fileRef = 521AA5CC2B066C98008106CF /* ViewController.swift */; };
		521AA5D02B066C98008106CF /* Main.storyboard in Resources */ = {isa = PBXBuildFile; fileRef = 521AA5CE2B066C98008106CF /* Main.storyboard */; };
		521AA5D22B066C99008106CF /* Assets.xcassets in Resources */ = {isa = PBXBuildFile; fileRef = 521AA5D12B066C99008106CF /* Assets.xcassets */; };
		521AA5D52B066C99008106CF /* LaunchScreen.storyboard in Resources */ = {isa = PBXBuildFile; fileRef = 521AA5D32B066C99008106CF /* LaunchScreen.storyboard */; };
		521AA5E02B066C99008106CF /* firstappTests.swift in Sources */ = {isa = PBXBuildFile; fileRef = 521AA5DF2B066C99008106CF /* firstappTests.swift */; };
		521AA5EA2B066C99008106CF /* firstappUITests.swift in Sources */ = {isa = PBXBuildFile; fileRef = 521AA5E92B066C99008106CF /* firstappUITests.swift */; };
		521AA5EC2B066C99008106CF /* firstappUITestsLaunchTests.swift in Sources */ = {isa = PBXBuildFile; fileRef = 521AA5EB2B066C99008106CF /* firstappUITestsLaunchTests.swift */; };
/* End PBXBuildFile section */

/* Begin PBXContainerItemProxy section */
		521AA5DC2B066C99008106CF /* PBXContainerItemProxy */ = {
			isa = PBXContainerItemProxy;
			containerPortal = 521AA5BD2B066C98008106CF /* Project object */;
			proxyType = 1;
			remoteGlobalIDString = 521AA5C42B066C98008106CF;
			remoteInfo = firstapp;
		};
		521AA5E62B066C99008106CF /* PBXContainerItemProxy */ = {
			isa = PBXContainerItemProxy;
			containerPortal = 521AA5BD2B066C98008106CF /* Project object */;
			proxyType = 1;
			remoteGlobalIDString = 521AA5C42B066C98008106CF;
			remoteInfo = firstapp;
		};
/* End PBXContainerItemProxy section */

/* Begin PBXFileReference section */
		521AA5C52B066C98008106CF /* firstapp.app */ = {isa = PBXFileReference; explicitFileType = wrapper.application; includeInIndex = 0; path = firstapp.app; sourceTree = BUILT_PRODUCTS_DIR; };
		521AA5C82B066C98008106CF /* AppDelegate.swift */ = {isa = PBXFileReference; lastKnownFileType = sourcecode.swift; path = AppDelegate.swift; sourceTree = "<group>"; };
		521AA5CA2B066C98008106CF /* SceneDelegate.swift */ = {isa = PBXFileReference; lastKnownFileType = sourcecode.swift; path = SceneDelegate.swift; sourceTree = "<group>"; };
		521AA5CC2B066C98008106CF /* ViewController.swift */ = {isa = PBXFileReference; lastKnownFileType = sourcecode.swift; path = ViewController.swift; sourceTree = "<group>"; };
		521AA5CF2B066C98008106CF /* Base */ = {isa = PBXFileReference; lastKnownFileType = file.storyboard; name = Base; path = Base.lproj/Main.storyboard; sourceTree = "<group>"; };
		521AA5D12B066C99008106CF /* Assets.xcassets */ = {isa = PBXFileReference; lastKnownFileType = folder.assetcatalog; path = Assets.xcassets; sourceTree = "<group>"; };
		521AA5D42B066C99008106CF /* Base */ = {isa = PBXFileReference; lastKnownFileType = file.storyboard; name = Base; path = Base.lproj/LaunchScreen.storyboard; sourceTree = "<group>"; };
		521AA5D62B066C99008106CF /* Info.plist */ = {isa = PBXFileReference; lastKnownFileType = text.plist.xml; path = Info.plist; sourceTree = "<group>"; };
		521AA5DB2B066C99008106CF /* firstappTests.xctest */ = {isa = PBXFileReference; explicitFileType = wrapper.cfbundle; includeInIndex = 0; path = firstappTests.xctest; sourceTree = BUILT_PRODUCTS_DIR; };
		521AA5DF2B066C99008106CF /* firstappTests.swift */ = {isa = PBXFileReference; lastKnownFileType = sourcecode.swift; path = firstappTests.swift; sourceTree = "<group>"; };
		521AA5E52B066C99008106CF /* firstappUITests.xctest */ = {isa = PBXFileReference; explicitFileType = wrapper.cfbundle; includeInIndex = 0; path = firstappUITests.xctest; sourceTree = BUILT_PRODUCTS_DIR; };
		521AA5E92B066C99008106CF /* firstappUITests.swift */ = {isa = PBXFileReference; lastKnownFileType = sourcecode.swift; path = firstappUITests.swift; sourceTree = "<group>"; };
		521AA5EB2B066C99008106CF /* firstappUITestsLaunchTests.swift */ = {isa = PBXFileReference; lastKnownFileType = sourcecode.swift; path = firstappUITestsLaunchTests.swift; sourceTree = "<group>"; };
/* End PBXFileReference section */

/* Begin PBXFrameworksBuildPhase section */
		521AA5C22B066C98008106CF /* Frameworks */ = {
			isa = PBXFrameworksBuildPhase;
			buildActionMask = 2147483647;
			files = (
			);
			runOnlyForDeploymentPostprocessing = 0;
		};
		521AA5D82B066C99008106CF /* Frameworks */ = {
			isa = PBXFrameworksBuildPhase;
			buildActionMask = 2147483647;
			files = (
			);
			runOnlyForDeploymentPostprocessing = 0;
		};
		521AA5E22B066C99008106CF /* Frameworks */ = {
			isa = PBXFrameworksBuildPhase;
			buildActionMask = 2147483647;
			files = (
			);
			runOnlyForDeploymentPostprocessing = 0;
		};
/* End PBXFrameworksBuildPhase section */

/* Begin PBXGroup section */
		521AA5BC2B066C98008106CF = {
			isa = PBXGroup;
			children = (
				521AA5C72B066C98008106CF /* firstapp */,
				521AA5DE2B066C99008106CF /* firstappTests */,
				521AA5E82B066C99008106CF /* firstappUITests */,
				521AA5C62B066C98008106CF /* Products */,
			);
			sourceTree = "<group>";
		};
		521AA5C62B066C98008106CF /* Products */ = {
			isa = PBXGroup;
			children = (
				521AA5C52B066C98008106CF /* firstapp.app */,
				521AA5DB2B066C99008106CF /* firstappTests.xctest */,
				521AA5E52B066C99008106CF /* firstappUITests.xctest */,
			);
			name = Products;
			sourceTree = "<group>";
		};
		521AA5C72B066C98008106CF /* firstapp */ = {
			isa = PBXGroup;
			children = (
				521AA5C82B066C98008106CF /* AppDelegate.swift */,
				521AA5CA2B066C98008106CF /* SceneDelegate.swift */,
				521AA5CC2B066C98008106CF /* ViewController.swift */,
				521AA5CE2B066C98008106CF /* Main.storyboard */,
				521AA5D12B066C99008106CF /* Assets.xcassets */,
				521AA5D32B066C99008106CF /* LaunchScreen.storyboard */,
				521AA5D62B066C99008106CF /* Info.plist */,
			);
			path = firstapp;
			sourceTree = "<group>";
		};
		521AA5DE2B066C99008106CF /* firstappTests */ = {
			isa = PBXGroup;
			children = (
				521AA5DF2B066C99008106CF /* firstappTests.swift */,
			);
			path = firstappTests;
			sourceTree = "<group>";
		};
		521AA5E82B066C99008106CF /* firstappUITests */ = {
			isa = PBXGroup;
			children = (
				521AA5E92B066C99008106CF /* firstappUITests.swift */,
				521AA5EB2B066C99008106CF /* firstappUITestsLaunchTests.swift */,
			);
			path = firstappUITests;
			sourceTree = "<group>";
		};
/* End PBXGroup section */

/* Begin PBXNativeTarget section */
		521AA5C42B066C98008106CF /* firstapp */ = {
			isa = PBXNativeTarget;
			buildConfigurationList = 521AA5EF2B066C99008106CF /* Build configuration list for PBXNativeTarget "firstapp" */;
			buildPhases = (
				521AA5C12B066C98008106CF /* Sources */,
				521AA5C22B066C98008106CF /* Frameworks */,
				521AA5C32B066C98008106CF /* Resources */,
			);
			buildRules = (
			);
			dependencies = (
			);
			name = firstapp;
			productName = firstapp;
			productReference = 521AA5C52B066C98008106CF /* firstapp.app */;
			productType = "com.apple.product-type.application";
		};
		521AA5DA2B066C99008106CF /* firstappTests */ = {
			isa = PBXNativeTarget;
			buildConfigurationList = 521AA5F22B066C99008106CF /* Build configuration list for PBXNativeTarget "firstappTests" */;
			buildPhases = (
				521AA5D72B066C99008106CF /* Sources */,
				521AA5D82B066C99008106CF /* Frameworks */,
				521AA5D92B066C99008106CF /* Resources */,
			);
			buildRules = (
			);
			dependencies = (
				521AA5DD2B066C99008106CF /* PBXTargetDependency */,
			);
			name = firstappTests;
			productName = firstappTests;
			productReference = 521AA5DB2B066C99008106CF /* firstappTests.xctest */;
			productType = "com.apple.product-type.bundle.unit-test";
		};
		521AA5E42B066C99008106CF /* firstappUITests */ = {
			isa = PBXNativeTarget;
			buildConfigurationList = 521AA5F52B066C99008106CF /* Build configuration list for PBXNativeTarget "firstappUITests" */;
			buildPhases = (
				521AA5E12B066C99008106CF /* Sources */,
				521AA5E22B066C99008106CF /* Frameworks */,
				521AA5E32B066C99008106CF /* Resources */,
			);
			buildRules = (
			);
			dependencies = (
				521AA5E72B066C99008106CF /* PBXTargetDependency */,
			);
			name = firstappUITests;
			productName = firstappUITests;
			productReference = 521AA5E52B066C99008106CF /* firstappUITests.xctest */;
			productType = "com.apple.product-type.bundle.ui-testing";
		};
/* End PBXNativeTarget section */

/* Begin PBXProject section */
		521AA5BD2B066C98008106CF /* Project object */ = {
			isa = PBXProject;
			attributes = {
				BuildIndependentTargetsInParallel = 1;
				LastSwiftUpdateCheck = 1500;
				LastUpgradeCheck = 1500;
				TargetAttributes = {
					521AA5C42B066C98008106CF = {
						CreatedOnToolsVersion = 15.0.1;
					};
					521AA5DA2B066C99008106CF = {
						CreatedOnToolsVersion = 15.0.1;
						TestTargetID = 521AA5C42B066C98008106CF;
					};
					521AA5E42B066C99008106CF = {
						CreatedOnToolsVersion = 15.0.1;
						TestTargetID = 521AA5C42B066C98008106CF;
					};
				};
			};
			buildConfigurationList = 521AA5C02B066C98008106CF /* Build configuration list for PBXProject "firstapp" */;
			compatibilityVersion = "Xcode 14.0";
			developmentRegion = en;
			hasScannedForEncodings = 0;
			knownRegions = (
				en,
				Base,
			);
			mainGroup = 521AA5BC2B066C98008106CF;
			productRefGroup = 521AA5C62B066C98008106CF /* Products */;
			projectDirPath = "";
			projectRoot = "";
			targets = (
				521AA5C42B066C98008106CF /* firstapp */,
				521AA5DA2B066C99008106CF /* firstappTests */,
				521AA5E42B066C99008106CF /* firstappUITests */,
			);
		};
/* End PBXProject section */

/* Begin PBXResourcesBuildPhase section */
		521AA5C32B066C98008106CF /* Resources */ = {
			isa = PBXResourcesBuildPhase;
			buildActionMask = 2147483647;
			files = (
				521AA5D52B066C99008106CF /* LaunchScreen.storyboard in Resources */,
				521AA5D22B066C99008106CF /* Assets.xcassets in Resources */,
				521AA5D02B066C98008106CF /* Main.storyboard in Resources */,
			);
			runOnlyForDeploymentPostprocessing = 0;
		};
		521AA5D92B066C99008106CF /* Resources */ = {
			isa = PBXResourcesBuildPhase;
			buildActionMask = 2147483647;
			files = (
			);
			runOnlyForDeploymentPostprocessing = 0;
		};
		521AA5E32B066C99008106CF /* Resources */ = {
			isa = PBXResourcesBuildPhase;
			buildActionMask = 2147483647;
			files = (
			);
			runOnlyForDeploymentPostprocessing = 0;
		};
/* End PBXResourcesBuildPhase section */

/* Begin PBXSourcesBuildPhase section */
		521AA5C12B066C98008106CF /* Sources */ = {
			isa = PBXSourcesBuildPhase;
			buildActionMask = 2147483647;
			files = (
				521AA5CD2B066C98008106CF /* ViewController.swift in Sources */,
				521AA5C92B066C98008106CF /* AppDelegate.swift in Sources */,
				521AA5CB2B066C98008106CF /* SceneDelegate.swift in Sources */,
			);
			runOnlyForDeploymentPostprocessing = 0;
		};
		521AA5D72B066C99008106CF /* Sources */ = {
			isa = PBXSourcesBuildPhase;
			buildActionMask = 2147483647;
			files = (
				521AA5E02B066C99008106CF /* firstappTests.swift in Sources */,
			);
			runOnlyForDeploymentPostprocessing = 0;
		};
		521AA5E12B066C99008106CF /* Sources */ = {
			isa = PBXSourcesBuildPhase;
			buildActionMask = 2147483647;
			files = (
				521AA5EC2B066C99008106CF /* firstappUITestsLaunchTests.swift in Sources */,
				521AA5EA2B066C99008106CF /* firstappUITests.swift in Sources */,
			);
			runOnlyForDeploymentPostprocessing = 0;
		};
/* End PBXSourcesBuildPhase section */

/* Begin PBXTargetDependency section */
		521AA5DD2B066C99008106CF /* PBXTargetDependency */ = {
			isa = PBXTargetDependency;
			target = 521AA5C42B066C98008106CF /* firstapp */;
			targetProxy = 521AA5DC2B066C99008106CF /* PBXContainerItemProxy */;
		};
		521AA5E72B066C99008106CF /* PBXTargetDependency */ = {
			isa = PBXTargetDependency;
			target = 521AA5C42B066C98008106CF /* firstapp */;
			targetProxy = 521AA5E62B066C99008106CF /* PBXContainerItemProxy */;
		};
/* End PBXTargetDependency section */

/* Begin PBXVariantGroup section */
		521AA5CE2B066C98008106CF /* Main.storyboard */ = {
			isa = PBXVariantGroup;
			children = (
				521AA5CF2B066C98008106CF /* Base */,
			);
			name = Main.storyboard;
			sourceTree = "<group>";
		};
		521AA5D32B066C99008106CF /* LaunchScreen.storyboard */ = {
			isa = PBXVariantGroup;
			children = (
				521AA5D42B066C99008106CF /* Base */,
			);
			name = LaunchScreen.storyboard;
			sourceTree = "<group>";
		};
/* End PBXVariantGroup section */

/* Begin XCBuildConfiguration section */
		521AA5ED2B066C99008106CF /* Debug */ = {
			isa = XCBuildConfiguration;
			buildSettings = {
				ALWAYS_SEARCH_USER_PATHS = NO;
				ASSETCATALOG_COMPILER_GENERATE_SWIFT_ASSET_SYMBOL_EXTENSIONS = YES;
				CLANG_ANALYZER_NONNULL = YES;
				CLANG_ANALYZER_NUMBER_OBJECT_CONVERSION = YES_AGGRESSIVE;
				CLANG_CXX_LANGUAGE_STANDARD = "gnu++20";
				CLANG_ENABLE_MODULES = YES;
				CLANG_ENABLE_OBJC_ARC = YES;
				CLANG_ENABLE_OBJC_WEAK = YES;
				CLANG_WARN_BLOCK_CAPTURE_AUTORELEASING = YES;
				CLANG_WARN_BOOL_CONVERSION = YES;
				CLANG_WARN_COMMA = YES;
				CLANG_WARN_CONSTANT_CONVERSION = YES;
				CLANG_WARN_DEPRECATED_OBJC_IMPLEMENTATIONS = YES;
				CLANG_WARN_DIRECT_OBJC_ISA_USAGE = YES_ERROR;
				CLANG_WARN_DOCUMENTATION_COMMENTS = YES;
				CLANG_WARN_EMPTY_BODY = YES;
				CLANG_WARN_ENUM_CONVERSION = YES;
				CLANG_WARN_INFINITE_RECURSION = YES;
				CLANG_WARN_INT_CONVERSION = YES;
				CLANG_WARN_NON_LITERAL_NULL_CONVERSION = YES;
				CLANG_WARN_OBJC_IMPLICIT_RETAIN_SELF = YES;
				CLANG_WARN_OBJC_LITERAL_CONVERSION = YES;
				CLANG_WARN_OBJC_ROOT_CLASS = YES_ERROR;
				CLANG_WARN_QUOTED_INCLUDE_IN_FRAMEWORK_HEADER = YES;
				CLANG_WARN_RANGE_LOOP_ANALYSIS = YES;
				CLANG_WARN_STRICT_PROTOTYPES = YES;
				CLANG_WARN_SUSPICIOUS_MOVE = YES;
				CLANG_WARN_UNGUARDED_AVAILABILITY = YES_AGGRESSIVE;
				CLANG_WARN_UNREACHABLE_CODE = YES;
				CLANG_WARN__DUPLICATE_METHOD_MATCH = YES;
				COPY_PHASE_STRIP = NO;
				DEBUG_INFORMATION_FORMAT = dwarf;
				ENABLE_STRICT_OBJC_MSGSEND = YES;
				ENABLE_TESTABILITY = YES;
				ENABLE_USER_SCRIPT_SANDBOXING = YES;
				GCC_C_LANGUAGE_STANDARD = gnu17;
				GCC_DYNAMIC_NO_PIC = NO;
				GCC_NO_COMMON_BLOCKS = YES;
				GCC_OPTIMIZATION_LEVEL = 0;
				GCC_PREPROCESSOR_DEFINITIONS = (
					"DEBUG=1",
					"$(inherited)",
				);
				GCC_WARN_64_TO_32_BIT_CONVERSION = YES;
				GCC_WARN_ABOUT_RETURN_TYPE = YES_ERROR;
				GCC_WARN_UNDECLARED_SELECTOR = YES;
				GCC_WARN_UNINITIALIZED_AUTOS = YES_AGGRESSIVE;
				GCC_WARN_UNUSED_FUNCTION = YES;
				GCC_WARN_UNUSED_VARIABLE = YES;
				IPHONEOS_DEPLOYMENT_TARGET = 17.0;
				LOCALIZATION_PREFERS_STRING_CATALOGS = YES;
				MTL_ENABLE_DEBUG_INFO = INCLUDE_SOURCE;
				MTL_FAST_MATH = YES;
				ONLY_ACTIVE_ARCH = YES;
				SDKROOT = iphoneos;
				SWIFT_ACTIVE_COMPILATION_CONDITIONS = "DEBUG $(inherited)";
				SWIFT_OPTIMIZATION_LEVEL = "-Onone";
			};
			name = Debug;
		};
		521AA5EE2B066C99008106CF /* Release */ = {
			isa = XCBuildConfiguration;
			buildSettings = {
				ALWAYS_SEARCH_USER_PATHS = NO;
				ASSETCATALOG_COMPILER_GENERATE_SWIFT_ASSET_SYMBOL_EXTENSIONS = YES;
				CLANG_ANALYZER_NONNULL = YES;
				CLANG_ANALYZER_NUMBER_OBJECT_CONVERSION = YES_AGGRESSIVE;
				CLANG_CXX_LANGUAGE_STANDARD = "gnu++20";
				CLANG_ENABLE_MODULES = YES;
				CLANG_ENABLE_OBJC_ARC = YES;
				CLANG_ENABLE_OBJC_WEAK = YES;
				CLANG_WARN_BLOCK_CAPTURE_AUTORELEASING = YES;
				CLANG_WARN_BOOL_CONVERSION = YES;
				CLANG_WARN_COMMA = YES;
				CLANG_WARN_CONSTANT_CONVERSION = YES;
				CLANG_WARN_DEPRECATED_OBJC_IMPLEMENTATIONS = YES;
				CLANG_WARN_DIRECT_OBJC_ISA_USAGE = YES_ERROR;
				CLANG_WARN_DOCUMENTATION_COMMENTS = YES;
				CLANG_WARN_EMPTY_BODY = YES;
				CLANG_WARN_ENUM_CONVERSION = YES;
				CLANG_WARN_INFINITE_RECURSION = YES;
				CLANG_WARN_INT_CONVERSION = YES;
				CLANG_WARN_NON_LITERAL_NULL_CONVERSION = YES;
				CLANG_WARN_OBJC_IMPLICIT_RETAIN_SELF = YES;
				CLANG_WARN_OBJC_LITERAL_CONVERSION = YES;
				CLANG_WARN_OBJC_ROOT_CLASS = YES_ERROR;
				CLANG_WARN_QUOTED_INCLUDE_IN_FRAMEWORK_HEADER = YES;
				CLANG_WARN_RANGE_LOOP_ANALYSIS = YES;
				CLANG_WARN_STRICT_PROTOTYPES = YES;
				CLANG_WARN_SUSPICIOUS_MOVE = YES;
				CLANG_WARN_UNGUARDED_AVAILABILITY = YES_AGGRESSIVE;
				CLANG_WARN_UNREACHABLE_CODE = YES;
				CLANG_WARN__DUPLICATE_METHOD_MATCH = YES;
				COPY_PHASE_STRIP = NO;
				DEBUG_INFORMATION_FORMAT = "dwarf-with-dsym";
				ENABLE_NS_ASSERTIONS = NO;
				ENABLE_STRICT_OBJC_MSGSEND = YES;
				ENABLE_USER_SCRIPT_SANDBOXING = YES;
				GCC_C_LANGUAGE_STANDARD = gnu17;
				GCC_NO_COMMON_BLOCKS = YES;
				GCC_WARN_64_TO_32_BIT_CONVERSION = YES;
				GCC_WARN_ABOUT_RETURN_TYPE = YES_ERROR;
				GCC_WARN_UNDECLARED_SELECTOR = YES;
				GCC_WARN_UNINITIALIZED_AUTOS = YES_AGGRESSIVE;
				GCC_WARN_UNUSED_FUNCTION = YES;
				GCC_WARN_UNUSED_VARIABLE = YES;
				IPHONEOS_DEPLOYMENT_TARGET = 17.0;
				LOCALIZATION_PREFERS_STRING_CATALOGS = YES;
				MTL_ENABLE_DEBUG_INFO = NO;
				MTL_FAST_MATH = YES;
				SDKROOT = iphoneos;
				SWIFT_COMPILATION_MODE = wholemodule;
				VALIDATE_PRODUCT = YES;
			};
			name = Release;
		};
		521AA5F02B066C99008106CF /* Debug */ = {
			isa = XCBuildConfiguration;
			buildSettings = {
				ASSETCATALOG_COMPILER_APPICON_NAME = AppIcon;
				ASSETCATALOG_COMPILER_GLOBAL_ACCENT_COLOR_NAME = AccentColor;
				CODE_SIGN_STYLE = Automatic;
				CURRENT_PROJECT_VERSION = 1;
				GENERATE_INFOPLIST_FILE = YES;
				INFOPLIST_FILE = firstapp/Info.plist;
				INFOPLIST_KEY_UIApplicationSupportsIndirectInputEvents = YES;
				INFOPLIST_KEY_UILaunchStoryboardName = LaunchScreen;
				INFOPLIST_KEY_UIMainStoryboardFile = Main;
				INFOPLIST_KEY_UISupportedInterfaceOrientations_iPad = "UIInterfaceOrientationPortrait UIInterfaceOrientationPortraitUpsideDown UIInterfaceOrientationLandscapeLeft UIInterfaceOrientationLandscapeRight";
				INFOPLIST_KEY_UISupportedInterfaceOrientations_iPhone = "UIInterfaceOrientationPortrait UIInterfaceOrientationLandscapeLeft UIInterfaceOrientationLandscapeRight";
				LD_RUNPATH_SEARCH_PATHS = (
					"$(inherited)",
					"@executable_path/Frameworks",
				);
				MARKETING_VERSION = 1.0;
				PRODUCT_BUNDLE_IDENTIFIER = "-23.firstapp";
				PRODUCT_NAME = "$(TARGET_NAME)";
				SWIFT_EMIT_LOC_STRINGS = YES;
				SWIFT_VERSION = 5.0;
				TARGETED_DEVICE_FAMILY = "1,2";
			};
			name = Debug;
		};
		521AA5F12B066C99008106CF /* Release */ = {
			isa = XCBuildConfiguration;
			buildSettings = {
				ASSETCATALOG_COMPILER_APPICON_NAME = AppIcon;
				ASSETCATALOG_COMPILER_GLOBAL_ACCENT_COLOR_NAME = AccentColor;
				CODE_SIGN_STYLE = Automatic;
				CURRENT_PROJECT_VERSION = 1;
				GENERATE_INFOPLIST_FILE = YES;
				INFOPLIST_FILE = firstapp/Info.plist;
				INFOPLIST_KEY_UIApplicationSupportsIndirectInputEvents = YES;
				INFOPLIST_KEY_UILaunchStoryboardName = LaunchScreen;
				INFOPLIST_KEY_UIMainStoryboardFile = Main;
				INFOPLIST_KEY_UISupportedInterfaceOrientations_iPad = "UIInterfaceOrientationPortrait UIInterfaceOrientationPortraitUpsideDown UIInterfaceOrientationLandscapeLeft UIInterfaceOrientationLandscapeRight";
				INFOPLIST_KEY_UISupportedInterfaceOrientations_iPhone = "UIInterfaceOrientationPortrait UIInterfaceOrientationLandscapeLeft UIInterfaceOrientationLandscapeRight";
				LD_RUNPATH_SEARCH_PATHS = (
					"$(inherited)",
					"@executable_path/Frameworks",
				);
				MARKETING_VERSION = 1.0;
				PRODUCT_BUNDLE_IDENTIFIER = "-23.firstapp";
				PRODUCT_NAME = "$(TARGET_NAME)";
				SWIFT_EMIT_LOC_STRINGS = YES;
				SWIFT_VERSION = 5.0;
				TARGETED_DEVICE_FAMILY = "1,2";
			};
			name = Release;
		};
		521AA5F32B066C99008106CF /* Debug */ = {
			isa = XCBuildConfiguration;
			buildSettings = {
				ALWAYS_EMBED_SWIFT_STANDARD_LIBRARIES = YES;
				BUNDLE_LOADER = "$(TEST_HOST)";
				CODE_SIGN_STYLE = Automatic;
				CURRENT_PROJECT_VERSION = 1;
				GENERATE_INFOPLIST_FILE = YES;
				IPHONEOS_DEPLOYMENT_TARGET = 17.0;
				MARKETING_VERSION = 1.0;
				PRODUCT_BUNDLE_IDENTIFIER = "-23.firstappTests";
				PRODUCT_NAME = "$(TARGET_NAME)";
				SWIFT_EMIT_LOC_STRINGS = NO;
				SWIFT_VERSION = 5.0;
				TARGETED_DEVICE_FAMILY = "1,2";
				TEST_HOST = "$(BUILT_PRODUCTS_DIR)/firstapp.app/$(BUNDLE_EXECUTABLE_FOLDER_PATH)/firstapp";
			};
			name = Debug;
		};
		521AA5F42B066C99008106CF /* Release */ = {
			isa = XCBuildConfiguration;
			buildSettings = {
				ALWAYS_EMBED_SWIFT_STANDARD_LIBRARIES = YES;
				BUNDLE_LOADER = "$(TEST_HOST)";
				CODE_SIGN_STYLE = Automatic;
				CURRENT_PROJECT_VERSION = 1;
				GENERATE_INFOPLIST_FILE = YES;
				IPHONEOS_DEPLOYMENT_TARGET = 17.0;
				MARKETING_VERSION = 1.0;
				PRODUCT_BUNDLE_IDENTIFIER = "-23.firstappTests";
				PRODUCT_NAME = "$(TARGET_NAME)";
				SWIFT_EMIT_LOC_STRINGS = NO;
				SWIFT_VERSION = 5.0;
				TARGETED_DEVICE_FAMILY = "1,2";
				TEST_HOST = "$(BUILT_PRODUCTS_DIR)/firstapp.app/$(BUNDLE_EXECUTABLE_FOLDER_PATH)/firstapp";
			};
			name = Release;
		};
		521AA5F62B066C99008106CF /* Debug */ = {
			isa = XCBuildConfiguration;
			buildSettings = {
				ALWAYS_EMBED_SWIFT_STANDARD_LIBRARIES = YES;
				CODE_SIGN_STYLE = Automatic;
				CURRENT_PROJECT_VERSION = 1;
				GENERATE_INFOPLIST_FILE = YES;
				MARKETING_VERSION = 1.0;
				PRODUCT_BUNDLE_IDENTIFIER = "-23.firstappUITests";
				PRODUCT_NAME = "$(TARGET_NAME)";
				SWIFT_EMIT_LOC_STRINGS = NO;
				SWIFT_VERSION = 5.0;
				TARGETED_DEVICE_FAMILY = "1,2";
				TEST_TARGET_NAME = firstapp;
			};
			name = Debug;
		};
		521AA5F72B066C99008106CF /* Release */ = {
			isa = XCBuildConfiguration;
			buildSettings = {
				ALWAYS_EMBED_SWIFT_STANDARD_LIBRARIES = YES;
				CODE_SIGN_STYLE = Automatic;
				CURRENT_PROJECT_VERSION = 1;
				GENERATE_INFOPLIST_FILE = YES;
				MARKETING_VERSION = 1.0;
				PRODUCT_BUNDLE_IDENTIFIER = "-23.firstappUITests";
				PRODUCT_NAME = "$(TARGET_NAME)";
				SWIFT_EMIT_LOC_STRINGS = NO;
				SWIFT_VERSION = 5.0;
				TARGETED_DEVICE_FAMILY = "1,2";
				TEST_TARGET_NAME = firstapp;
			};
			name = Release;
		};
/* End XCBuildConfiguration section */

/* Begin XCConfigurationList section */
		521AA5C02B066C98008106CF /* Build configuration list for PBXProject "firstapp" */ = {
			isa = XCConfigurationList;
			buildConfigurations = (
				521AA5ED2B066C99008106CF /* Debug */,
				521AA5EE2B066C99008106CF /* Release */,
			);
			defaultConfigurationIsVisible = 0;
			defaultConfigurationName = Release;
		};
		521AA5EF2B066C99008106CF /* Build configuration list for PBXNativeTarget "firstapp" */ = {
			isa = XCConfigurationList;
			buildConfigurations = (
				521AA5F02B066C99008106CF /* Debug */,
				521AA5F12B066C99008106CF /* Release */,
			);
			defaultConfigurationIsVisible = 0;
			defaultConfigurationName = Release;
		};
		521AA5F22B066C99008106CF /* Build configuration list for PBXNativeTarget "firstappTests" */ = {
			isa = XCConfigurationList;
			buildConfigurations = (
				521AA5F32B066C99008106CF /* Debug */,
				521AA5F42B066C99008106CF /* Release */,
			);
			defaultConfigurationIsVisible = 0;
			defaultConfigurationName = Release;
		};
		521AA5F52B066C99008106CF /* Build configuration list for PBXNativeTarget "firstappUITests" */ = {
			isa = XCConfigurationList;
			buildConfigurations = (
				521AA5F62B066C99008106CF /* Debug */,
				521AA5F72B066C99008106CF /* Release */,
			);
			defaultConfigurationIsVisible = 0;
			defaultConfigurationName = Release;
		};
/* End XCConfigurationList section */
	};
	rootObject = 521AA5BD2B066C98008106CF /* Project object */;
}
